
Microsoft Visual Studio Solution File, Format Version 12.00
# Visual Studio Version 17
VisualStudioVersion = 17.8.34408.163
MinimumVisualStudioVersion = 10.0.40219.1
Project("{FAE04EC0-301F-11D3-BF4B-00C04F79EFBC}") = "Lab 02 Q1", "Lab 02 Q1\Lab 02 Q1.csproj", "{86D8E5A8-611F-487D-8340-68BBE446E20E}"
EndProject
Global
	GlobalSection(SolutionConfigurationPlatforms) = preSolution
		Debug|Any CPU = Debug|Any CPU
		Release|Any CPU = Release|Any CPU
	EndGlobalSection
	GlobalSection(ProjectConfigurationPlatforms) = postSolution
		{86D8E5A8-611F-487D-8340-68BBE446E20E}.Debug|Any CPU.ActiveCfg = Debug|Any CPU
		{86D8E5A8-611F-487D-8340-68BBE446E20E}.Debug|Any CPU.Build.0 = Debug|Any CPU
		{86D8E5A8-611F-487D-8340-68BBE446E20E}.Release|Any CPU.ActiveCfg = Release|Any CPU
		{86D8E5A8-611F-487D-8340-68BBE446E20E}.Release|Any CPU.Build.0 = Release|Any CPU
	EndGlobalSection
	GlobalSection(SolutionProperties) = preSolution
		HideSolutionNode = FALSE
	EndGlobalSection
	GlobalSection(ExtensibilityGlobals) = postSolution
		SolutionGuid = {5DF3225E-3DA3-476B-84FD-87A67F227E7D}
	EndGlobalSection
EndGlobal
